{
  "nodes": {
    "flake-parts": {
      "inputs": {
        "nixpkgs-lib": [
          "nixpkgs"
        ]
      },
      "locked": {
        "lastModified": 1698882062,
        "narHash": "sha256-HkhafUayIqxXyHH1X8d9RDl1M2CkFgZLjKD3MzabiEo=",
        "owner": "hercules-ci",
        "repo": "flake-parts",
        "rev": "8c9fa2545007b49a5db5f650ae91f227672c3877",
        "type": "github"
      },
      "original": {
        "owner": "hercules-ci",
        "repo": "flake-parts",
        "type": "github"
      }
    },
    "haskell-flake": {
      "locked": {
        "lastModified": 1701214938,
        "narHash": "sha256-25PiqJK6iSX0CPZghcUCGCEvU9uMSNbCJ772NComipY=",
        "owner": "srid",
        "repo": "haskell-flake",
        "rev": "abea026d35df050c27163f5193f96ef3a8b4ea6a",
        "type": "github"
      },
      "original": {
        "owner": "srid",
        "repo": "haskell-flake",
        "type": "github"
      }
    },
    "nixpkgs": {
      "locked": {
        "lastModified": 1701463597,
        "narHash": "sha256-lIW1FUFkvn93drJ663KY5ZhYSJT4wmG9Nk+CnR63MC8=",
        "owner": "nixos",
        "repo": "nixpkgs",
        "rev": "c074160dcfa338f8424c440ccb0f0a5412de0dbf",
        "type": "github"
      },
      "original": {
        "owner": "nixos",
        "repo": "nixpkgs",
        "type": "github"
      }
    },
    "root": {
      "inputs": {
        "flake-parts": "flake-parts",
        "haskell-flake": "haskell-flake",
        "nixpkgs": "nixpkgs"
      }
    }
  },
  "root": "root",
  "version": 7
}
